
Microsoft Visual Studio Solution File, Format Version 12.00
# Visual Studio Version 17
VisualStudioVersion = 17.9.34616.47
MinimumVisualStudioVersion = 10.0.40219.1
Project("{FAE04EC0-301F-11D3-BF4B-00C04F79EFBC}") = "QLKTXA", "QLKTXA\QLKTXA.csproj", "{6719A7E4-B6DA-4EF9-81B8-1DF04DEB8A49}"
EndProject
Global
	GlobalSection(SolutionConfigurationPlatforms) = preSolution
		Debug|Any CPU = Debug|Any CPU
		Release|Any CPU = Release|Any CPU
	EndGlobalSection
	GlobalSection(ProjectConfigurationPlatforms) = postSolution
		{6719A7E4-B6DA-4EF9-81B8-1DF04DEB8A49}.Debug|Any CPU.ActiveCfg = Debug|Any CPU
		{6719A7E4-B6DA-4EF9-81B8-1DF04DEB8A49}.Debug|Any CPU.Build.0 = Debug|Any CPU
		{6719A7E4-B6DA-4EF9-81B8-1DF04DEB8A49}.Release|Any CPU.ActiveCfg = Release|Any CPU
		{6719A7E4-B6DA-4EF9-81B8-1DF04DEB8A49}.Release|Any CPU.Build.0 = Release|Any CPU
	EndGlobalSection
	GlobalSection(SolutionProperties) = preSolution
		HideSolutionNode = FALSE
	EndGlobalSection
	GlobalSection(ExtensibilityGlobals) = postSolution
		SolutionGuid = {0B8D48AA-3203-4B95-80C4-E94E0F79A2E4}
	EndGlobalSection
EndGlobal
